
Microsoft Visual Studio Solution File, Format Version 12.00
# Visual Studio Version 17
VisualStudioVersion = 17.0.31919.166
MinimumVisualStudioVersion = 10.0.40219.1
Project("{FAE04EC0-301F-11D3-BF4B-00C04F79EFBC}") = "thekitchen-aspnetcore", "thekitchen-aspnetcore.csproj", "{704B126D-07E6-4214-9117-10013AE16460}"
EndProject
Global
	GlobalSection(SolutionConfigurationPlatforms) = preSolution
		Debug|Any CPU = Debug|Any CPU
		Release|Any CPU = Release|Any CPU
	EndGlobalSection
	GlobalSection(ProjectConfigurationPlatforms) = postSolution
		{704B126D-07E6-4214-9117-10013AE16460}.Debug|Any CPU.ActiveCfg = Debug|Any CPU
		{704B126D-07E6-4214-9117-10013AE16460}.Debug|Any CPU.Build.0 = Debug|Any CPU
		{704B126D-07E6-4214-9117-10013AE16460}.Release|Any CPU.ActiveCfg = Release|Any CPU
		{704B126D-07E6-4214-9117-10013AE16460}.Release|Any CPU.Build.0 = Release|Any CPU
	EndGlobalSection
	GlobalSection(SolutionProperties) = preSolution
		HideSolutionNode = FALSE
	EndGlobalSection
	GlobalSection(ExtensibilityGlobals) = postSolution
		SolutionGuid = {C015DEB5-87B3-4BB1-B815-3FBE75E453A2}
	EndGlobalSection
EndGlobal
